
Microsoft Visual Studio Solution File, Format Version 12.00
# Visual Studio Version 17
VisualStudioVersion = 17.3.32922.545
MinimumVisualStudioVersion = 10.0.40219.1
Project("{9A19103F-16F7-4668-BE54-9A1E7A4F7556}") = "Entities", "Entities\Entities.csproj", "{BCEA325B-2A4F-443C-9523-8964F4CAFBE8}"
EndProject
Project("{9A19103F-16F7-4668-BE54-9A1E7A4F7556}") = "DataAccess", "DataAccess\DataAccess.csproj", "{1637381A-FC1C-4298-A341-E71B4EA8EA52}"
EndProject
Project("{9A19103F-16F7-4668-BE54-9A1E7A4F7556}") = "Business", "Business\Business.csproj", "{4FA68ABC-724F-41D5-9ED5-E9E21AB601A1}"
EndProject
Project("{9A19103F-16F7-4668-BE54-9A1E7A4F7556}") = "ConsoleUI", "ConsoleUI\ConsoleUI.csproj", "{755C8BB7-4576-4515-ACBD-F191EA86FB40}"
EndProject
Project("{9A19103F-16F7-4668-BE54-9A1E7A4F7556}") = "Core", "Core\Core.csproj", "{0D375F44-8F86-4E76-893D-8C7B805B834C}"
EndProject
Project("{FAE04EC0-301F-11D3-BF4B-00C04F79EFBC}") = "WebAPI", "WebAPI\WebAPI.csproj", "{FF84301C-9B6A-465A-B415-728CA91D4530}"
EndProject
Global
	GlobalSection(SolutionConfigurationPlatforms) = preSolution
		Debug|Any CPU = Debug|Any CPU
		Release|Any CPU = Release|Any CPU
	EndGlobalSection
	GlobalSection(ProjectConfigurationPlatforms) = postSolution
		{BCEA325B-2A4F-443C-9523-8964F4CAFBE8}.Debug|Any CPU.ActiveCfg = Debug|Any CPU
		{BCEA325B-2A4F-443C-9523-8964F4CAFBE8}.Debug|Any CPU.Build.0 = Debug|Any CPU
		{BCEA325B-2A4F-443C-9523-8964F4CAFBE8}.Release|Any CPU.ActiveCfg = Release|Any CPU
		{BCEA325B-2A4F-443C-9523-8964F4CAFBE8}.Release|Any CPU.Build.0 = Release|Any CPU
		{1637381A-FC1C-4298-A341-E71B4EA8EA52}.Debug|Any CPU.ActiveCfg = Debug|Any CPU
		{1637381A-FC1C-4298-A341-E71B4EA8EA52}.Debug|Any CPU.Build.0 = Debug|Any CPU
		{1637381A-FC1C-4298-A341-E71B4EA8EA52}.Release|Any CPU.ActiveCfg = Release|Any CPU
		{1637381A-FC1C-4298-A341-E71B4EA8EA52}.Release|Any CPU.Build.0 = Release|Any CPU
		{4FA68ABC-724F-41D5-9ED5-E9E21AB601A1}.Debug|Any CPU.ActiveCfg = Debug|Any CPU
		{4FA68ABC-724F-41D5-9ED5-E9E21AB601A1}.Debug|Any CPU.Build.0 = Debug|Any CPU
		{4FA68ABC-724F-41D5-9ED5-E9E21AB601A1}.Release|Any CPU.ActiveCfg = Release|Any CPU
		{4FA68ABC-724F-41D5-9ED5-E9E21AB601A1}.Release|Any CPU.Build.0 = Release|Any CPU
		{755C8BB7-4576-4515-ACBD-F191EA86FB40}.Debug|Any CPU.ActiveCfg = Debug|Any CPU
		{755C8BB7-4576-4515-ACBD-F191EA86FB40}.Debug|Any CPU.Build.0 = Debug|Any CPU
		{755C8BB7-4576-4515-ACBD-F191EA86FB40}.Release|Any CPU.ActiveCfg = Release|Any CPU
		{755C8BB7-4576-4515-ACBD-F191EA86FB40}.Release|Any CPU.Build.0 = Release|Any CPU
		{0D375F44-8F86-4E76-893D-8C7B805B834C}.Debug|Any CPU.ActiveCfg = Debug|Any CPU
		{0D375F44-8F86-4E76-893D-8C7B805B834C}.Debug|Any CPU.Build.0 = Debug|Any CPU
		{0D375F44-8F86-4E76-893D-8C7B805B834C}.Release|Any CPU.ActiveCfg = Release|Any CPU
		{0D375F44-8F86-4E76-893D-8C7B805B834C}.Release|Any CPU.Build.0 = Release|Any CPU
		{FF84301C-9B6A-465A-B415-728CA91D4530}.Debug|Any CPU.ActiveCfg = Debug|Any CPU
		{FF84301C-9B6A-465A-B415-728CA91D4530}.Debug|Any CPU.Build.0 = Debug|Any CPU
		{FF84301C-9B6A-465A-B415-728CA91D4530}.Release|Any CPU.ActiveCfg = Release|Any CPU
		{FF84301C-9B6A-465A-B415-728CA91D4530}.Release|Any CPU.Build.0 = Release|Any CPU
	EndGlobalSection
	GlobalSection(SolutionProperties) = preSolution
		HideSolutionNode = FALSE
	EndGlobalSection
	GlobalSection(ExtensibilityGlobals) = postSolution
		SolutionGuid = {37344F70-0DAE-4021-B5EA-4A37DD19D680}
	EndGlobalSection
EndGlobal
